
Microsoft Visual Studio Solution File, Format Version 12.00
# Visual Studio Version 17
VisualStudioVersion = 17.5.33530.505
MinimumVisualStudioVersion = 10.0.40219.1
Project("{FAE04EC0-301F-11D3-BF4B-00C04F79EFBC}") = "Project-5.6.1-HW-03-SF", "Project-5.6.1-HW-03-SF\Project-5.6.1-HW-03-SF.csproj", "{D74D395C-D212-405A-8301-785CD0044618}"
EndProject
Global
	GlobalSection(SolutionConfigurationPlatforms) = preSolution
		Debug|Any CPU = Debug|Any CPU
		Release|Any CPU = Release|Any CPU
	EndGlobalSection
	GlobalSection(ProjectConfigurationPlatforms) = postSolution
		{D74D395C-D212-405A-8301-785CD0044618}.Debug|Any CPU.ActiveCfg = Debug|Any CPU
		{D74D395C-D212-405A-8301-785CD0044618}.Debug|Any CPU.Build.0 = Debug|Any CPU
		{D74D395C-D212-405A-8301-785CD0044618}.Release|Any CPU.ActiveCfg = Release|Any CPU
		{D74D395C-D212-405A-8301-785CD0044618}.Release|Any CPU.Build.0 = Release|Any CPU
	EndGlobalSection
	GlobalSection(SolutionProperties) = preSolution
		HideSolutionNode = FALSE
	EndGlobalSection
	GlobalSection(ExtensibilityGlobals) = postSolution
		SolutionGuid = {8855E1C0-8E27-4B79-A122-9F7242D11F4D}
	EndGlobalSection
EndGlobal
